[[package]]
name = "aiogram2"
version = "0.1.1"
description = "TODO"
category = "main"
optional = false
python-versions = "*"

[[package]]
name = "atomicwrites"
version = "1.4.0"
description = "Atomic file writes."
category = "dev"
optional = false
python-versions = ">=2.7, !=3.0.*, !=3.1.*, !=3.2.*, !=3.3.*"

[[package]]
name = "attrs"
version = "21.4.0"
description = "Classes Without Boilerplate"
category = "main"
optional = false
python-versions = ">=2.7, !=3.0.*, !=3.1.*, !=3.2.*, !=3.3.*, !=3.4.*"

[package.extras]
dev = ["coverage[toml] (>=5.0.2)", "hypothesis", "pympler", "pytest (>=4.3.0)", "six", "mypy", "pytest-mypy-plugins", "zope.interface", "furo", "sphinx", "sphinx-notfound-page", "pre-commit", "cloudpickle"]
docs = ["furo", "sphinx", "zope.interface", "sphinx-notfound-page"]
tests = ["coverage[toml] (>=5.0.2)", "hypothesis", "pympler", "pytest (>=4.3.0)", "six", "mypy", "pytest-mypy-plugins", "zope.interface", "cloudpickle"]
tests_no_zope = ["coverage[toml] (>=5.0.2)", "hypothesis", "pympler", "pytest (>=4.3.0)", "six", "mypy", "pytest-mypy-plugins", "cloudpickle"]

[[package]]
name = "certifi"
version = "2022.5.18.1"
description = "Python package for providing Mozilla's CA Bundle."
category = "main"
optional = false
python-versions = ">=3.6"

[[package]]
name = "charset-normalizer"
version = "2.0.12"
description = "The Real First Universal Charset Detector. Open, modern and actively maintained alternative to Chardet."
category = "main"
optional = false
python-versions = ">=3.5.0"

[package.extras]
unicode_backport = ["unicodedata2"]

[[package]]
name = "click"
version = "8.1.3"
description = "Composable command line interface toolkit"
category = "main"
optional = false
python-versions = ">=3.7"

[package.dependencies]
colorama = {version = "*", markers = "platform_system == \"Windows\""}

[[package]]
name = "cmreshandler2"
version = "2.0.8"
description = "forked Elasticsearch Log handler for the logging library that includes session token support"
category = "main"
optional = false
python-versions = "*"

[package.dependencies]
elasticsearch = "*"
requests = "*"

[package.extras]
dev = ["check-manifest", "six", "pylint"]
test = ["coverage"]

[[package]]
name = "colorama"
version = "0.4.4"
description = "Cross-platform colored terminal text."
category = "main"
optional = false
python-versions = ">=2.7, !=3.0.*, !=3.1.*, !=3.2.*, !=3.3.*, !=3.4.*"

[[package]]
name = "elastic-transport"
version = "8.1.2"
description = "Transport classes and utilities shared among Python Elastic client libraries"
category = "main"
optional = false
python-versions = ">=3.6"

[package.dependencies]
certifi = "*"
urllib3 = ">=1.26.2,<2"

[package.extras]
develop = ["pytest", "pytest-cov", "pytest-mock", "pytest-asyncio", "pytest-httpserver", "trustme", "mock", "requests", "aiohttp"]

[[package]]
name = "elasticsearch"
version = "8.2.2"
description = "Python client for Elasticsearch"
category = "main"
optional = false
python-versions = ">=3.6, <4"

[package.dependencies]
elastic-transport = ">=8,<9"

[package.extras]
async = ["aiohttp (>=3,<4)"]
requests = ["requests (>=2.4.0,<3.0.0)"]

[[package]]
name = "grpcio"
version = "1.46.3"
description = "HTTP/2-based RPC framework"
category = "main"
optional = false
python-versions = ">=3.6"

[package.dependencies]
six = ">=1.5.2"

[package.extras]
protobuf = ["grpcio-tools (>=1.46.3)"]

[[package]]
name = "grpcio-tools"
version = "1.46.3"
description = "Protobuf code generator for gRPC"
category = "main"
optional = false
python-versions = ">=3.6"

[package.dependencies]
grpcio = ">=1.46.3"
protobuf = ">=3.12.0,<4.0dev"

[[package]]
name = "idna"
version = "3.3"
description = "Internationalized Domain Names in Applications (IDNA)"
category = "main"
optional = false
python-versions = ">=3.5"

[[package]]
name = "iniconfig"
version = "1.1.1"
description = "iniconfig: brain-dead simple config-ini parsing"
category = "dev"
optional = false
python-versions = "*"

[[package]]
name = "jsonschema"
version = "4.6.0"
description = "An implementation of JSON Schema validation for Python"
category = "main"
optional = false
python-versions = ">=3.7"

[package.dependencies]
attrs = ">=17.4.0"
pyrsistent = ">=0.14.0,<0.17.0 || >0.17.0,<0.17.1 || >0.17.1,<0.17.2 || >0.17.2"

[package.extras]
format = ["fqdn", "idna", "isoduration", "jsonpointer (>1.13)", "rfc3339-validator", "rfc3987", "uri-template", "webcolors (>=1.11)"]
format-nongpl = ["fqdn", "idna", "isoduration", "jsonpointer (>1.13)", "rfc3339-validator", "rfc3986-validator (>0.1.0)", "uri-template", "webcolors (>=1.11)"]

[[package]]
name = "loguru"
version = "0.6.0"
description = "Python logging made (stupidly) simple"
category = "main"
optional = false
python-versions = ">=3.5"

[package.dependencies]
colorama = {version = ">=0.3.4", markers = "sys_platform == \"win32\""}
win32-setctime = {version = ">=1.0.0", markers = "sys_platform == \"win32\""}

[package.extras]
dev = ["colorama (>=0.3.4)", "docutils (==0.16)", "flake8 (>=3.7.7)", "tox (>=3.9.0)", "pytest (>=4.6.2)", "pytest-cov (>=2.7.1)", "black (>=19.10b0)", "isort (>=5.1.1)", "Sphinx (>=4.1.1)", "sphinx-autobuild (>=0.7.1)", "sphinx-rtd-theme (>=0.4.3)"]

[[package]]
name = "loguru-notification"
version = "0.0.7"
description = "Project logging printout"
category = "main"
optional = false
python-versions = ">=3.6"

[package.dependencies]
CMRESHandler2 = "*"
loguru = "*"
notifiers = "*"

[[package]]
name = "notifiers"
version = "1.3.3"
description = "The easy way to send notifications"
category = "main"
optional = false
python-versions = ">=3.7,<4.0"

[package.dependencies]
click = ">=8.0.3,<9.0.0"
jsonschema = ">=4.4.0,<5.0.0"
requests = ">=2.27.1,<3.0.0"

[[package]]
name = "packaging"
version = "21.3"
description = "Core utilities for Python packages"
category = "dev"
optional = false
python-versions = ">=3.6"

[package.dependencies]
pyparsing = ">=2.0.2,<3.0.5 || >3.0.5"

[[package]]
name = "pluggy"
version = "1.0.0"
description = "plugin and hook calling mechanisms for python"
category = "dev"
optional = false
python-versions = ">=3.6"

[package.extras]
dev = ["pre-commit", "tox"]
testing = ["pytest", "pytest-benchmark"]

[[package]]
name = "protobuf"
version = "3.20.1"
description = "Protocol Buffers"
category = "main"
optional = false
python-versions = ">=3.7"

[[package]]
name = "py"
version = "1.11.0"
description = "library with cross-python path, ini-parsing, io, code, log facilities"
category = "dev"
optional = false
python-versions = ">=2.7, !=3.0.*, !=3.1.*, !=3.2.*, !=3.3.*, !=3.4.*"

[[package]]
name = "pydantic"
version = "1.9.1"
description = "Data validation and settings management using python type hints"
category = "main"
optional = false
python-versions = ">=3.6.1"

[package.dependencies]
typing-extensions = ">=3.7.4.3"

[package.extras]
dotenv = ["python-dotenv (>=0.10.4)"]
email = ["email-validator (>=1.0.3)"]

[[package]]
name = "pyparsing"
version = "3.0.9"
description = "pyparsing module - Classes and methods to define and execute parsing grammars"
category = "dev"
optional = false
python-versions = ">=3.6.8"

[package.extras]
diagrams = ["railroad-diagrams", "jinja2"]

[[package]]
name = "pyrsistent"
version = "0.18.1"
description = "Persistent/Functional/Immutable data structures"
category = "main"
optional = false
python-versions = ">=3.7"

[[package]]
name = "pytest"
version = "7.1.2"
description = "pytest: simple powerful testing with Python"
category = "dev"
optional = false
python-versions = ">=3.7"

[package.dependencies]
atomicwrites = {version = ">=1.0", markers = "sys_platform == \"win32\""}
attrs = ">=19.2.0"
colorama = {version = "*", markers = "sys_platform == \"win32\""}
iniconfig = "*"
packaging = "*"
pluggy = ">=0.12,<2.0"
py = ">=1.8.2"
tomli = ">=1.0.0"

[package.extras]
testing = ["argcomplete", "hypothesis (>=3.56)", "mock", "nose", "pygments (>=2.7.2)", "requests", "xmlschema"]

[[package]]
name = "pytest-asyncio"
version = "0.18.3"
description = "Pytest support for asyncio"
category = "dev"
optional = false
python-versions = ">=3.7"

[package.dependencies]
pytest = ">=6.1.0"

[package.extras]
testing = ["coverage (==6.2)", "hypothesis (>=5.7.1)", "flaky (>=3.5.0)", "mypy (==0.931)", "pytest-trio (>=0.7.0)"]

[[package]]
name = "requests"
version = "2.28.0"
description = "Python HTTP for Humans."
category = "main"
optional = false
python-versions = ">=3.7, <4"

[package.dependencies]
certifi = ">=2017.4.17"
charset-normalizer = ">=2.0.0,<2.1.0"
idna = ">=2.5,<4"
urllib3 = ">=1.21.1,<1.27"

[package.extras]
socks = ["PySocks (>=1.5.6,!=1.5.7)"]
use_chardet_on_py3 = ["chardet (>=3.0.2,<5)"]

[[package]]
name = "six"
version = "1.16.0"
description = "Python 2 and 3 compatibility utilities"
category = "main"
optional = false
python-versions = ">=2.7, !=3.0.*, !=3.1.*, !=3.2.*"

[[package]]
name = "tomli"
version = "2.0.1"
description = "A lil' TOML parser"
category = "dev"
optional = false
python-versions = ">=3.7"

[[package]]
name = "typing-extensions"
version = "4.2.0"
description = "Backported and Experimental Type Hints for Python 3.7+"
category = "main"
optional = false
python-versions = ">=3.7"

[[package]]
name = "urllib3"
version = "1.26.9"
description = "HTTP library with thread-safe connection pooling, file post, and more."
category = "main"
optional = false
python-versions = ">=2.7, !=3.0.*, !=3.1.*, !=3.2.*, !=3.3.*, !=3.4.*, <4"

[package.extras]
brotli = ["brotlicffi (>=0.8.0)", "brotli (>=1.0.9)", "brotlipy (>=0.6.0)"]
secure = ["pyOpenSSL (>=0.14)", "cryptography (>=1.3.4)", "idna (>=2.0.0)", "certifi", "ipaddress"]
socks = ["PySocks (>=1.5.6,!=1.5.7,<2.0)"]

[[package]]
name = "win32-setctime"
version = "1.1.0"
description = "A small Python utility to set file creation time on Windows"
category = "main"
optional = false
python-versions = ">=3.5"

[package.extras]
dev = ["pytest (>=4.6.2)", "black (>=19.3b0)"]

[metadata]
lock-version = "1.1"
python-versions = "^3.10"
content-hash = "d810787bc55b373906344d26bfb2991c071cb0afaf4254cfaa6e43a5482878d4"

[metadata.files]
aiogram2 = [
    {file = "aiogram2-0.1.1-py3-none-any.whl", hash = "sha256:a92ddde7bce1c3c14edd99c64f3f1999e06e8db375f36373484404c776b89d40"},
    {file = "aiogram2-0.1.1.tar.gz", hash = "sha256:72e7d3c950171763d1ad6d4f6b46ff6eee6e42bb6091f1b38c72cf749fb73a0a"},
]
atomicwrites = [
    {file = "atomicwrites-1.4.0-py2.py3-none-any.whl", hash = "sha256:6d1784dea7c0c8d4a5172b6c620f40b6e4cbfdf96d783691f2e1302a7b88e197"},
    {file = "atomicwrites-1.4.0.tar.gz", hash = "sha256:ae70396ad1a434f9c7046fd2dd196fc04b12f9e91ffb859164193be8b6168a7a"},
]
attrs = [
    {file = "attrs-21.4.0-py2.py3-none-any.whl", hash = "sha256:2d27e3784d7a565d36ab851fe94887c5eccd6a463168875832a1be79c82828b4"},
    {file = "attrs-21.4.0.tar.gz", hash = "sha256:626ba8234211db98e869df76230a137c4c40a12d72445c45d5f5b716f076e2fd"},
]
certifi = [
    {file = "certifi-2022.5.18.1-py3-none-any.whl", hash = "sha256:f1d53542ee8cbedbe2118b5686372fb33c297fcd6379b050cca0ef13a597382a"},
    {file = "certifi-2022.5.18.1.tar.gz", hash = "sha256:9c5705e395cd70084351dd8ad5c41e65655e08ce46f2ec9cf6c2c08390f71eb7"},
]
charset-normalizer = [
    {file = "charset-normalizer-2.0.12.tar.gz", hash = "sha256:2857e29ff0d34db842cd7ca3230549d1a697f96ee6d3fb071cfa6c7393832597"},
    {file = "charset_normalizer-2.0.12-py3-none-any.whl", hash = "sha256:6881edbebdb17b39b4eaaa821b438bf6eddffb4468cf344f09f89def34a8b1df"},
]
click = [
    {file = "click-8.1.3-py3-none-any.whl", hash = "sha256:bb4d8133cb15a609f44e8213d9b391b0809795062913b383c62be0ee95b1db48"},
    {file = "click-8.1.3.tar.gz", hash = "sha256:7682dc8afb30297001674575ea00d1814d808d6a36af415a82bd481d37ba7b8e"},
]
cmreshandler2 = [
    {file = "CMRESHandler2-2.0.8-py3-none-any.whl", hash = "sha256:6216fddb1fbc914f3fb5d69b1407e01f571cc98c72e17033fcab656b3978d3f0"},
    {file = "CMRESHandler2-2.0.8.tar.gz", hash = "sha256:90d03e68f1351d4e553172a7a580ecbb9fa19f6df351c449478bb23849ba3a22"},
]
colorama = [
    {file = "colorama-0.4.4-py2.py3-none-any.whl", hash = "sha256:9f47eda37229f68eee03b24b9748937c7dc3868f906e8ba69fbcbdd3bc5dc3e2"},
    {file = "colorama-0.4.4.tar.gz", hash = "sha256:5941b2b48a20143d2267e95b1c2a7603ce057ee39fd88e7329b0c292aa16869b"},
]
elastic-transport = [
    {file = "elastic-transport-8.1.2.tar.gz", hash = "sha256:869f7d668fb7738776639053fc87499caacbd1bdc7819f0de8025ac0e6cb29ce"},
    {file = "elastic_transport-8.1.2-py3-none-any.whl", hash = "sha256:10914d0c5c268d9dcfee02cfbef861382d098309ba4eedab820062841bd214b3"},
]
elasticsearch = [
    {file = "elasticsearch-8.2.2-py3-none-any.whl", hash = "sha256:a0fac3d8aaed8efb2a0d1116e64039bcf56c1605a1ba04c7e451adcecb45d979"},
    {file = "elasticsearch-8.2.2.tar.gz", hash = "sha256:e8fbf27422f16641711011eeed1ff5592c388c67f9036ffdf60f351ece5cc1f6"},
]
grpcio = [
    {file = "grpcio-1.46.3-cp310-cp310-linux_armv7l.whl", hash = "sha256:4c05dbc164c2d3015109292ffeed68292807a6cb1225f9a36699bf2166634908"},
    {file = "grpcio-1.46.3-cp310-cp310-macosx_10_10_universal2.whl", hash = "sha256:c6a460b6aaf43428d48fececad864cc562458b944df80568e490d985d8576292"},
    {file = "grpcio-1.46.3-cp310-cp310-manylinux_2_17_aarch64.whl", hash = "sha256:707b85fa0cf606a9ab02246bd3142c76e154f1c30f00f7346b2afa3d0b315d5a"},
    {file = "grpcio-1.46.3-cp310-cp310-manylinux_2_17_i686.manylinux2014_i686.whl", hash = "sha256:8c63e7c61c0b06f838e8f45ffd3a7c68a520c4c026b2e0e8b1ad29c456d0f859"},
    {file = "grpcio-1.46.3-cp310-cp310-manylinux_2_17_x86_64.manylinux2014_x86_64.whl", hash = "sha256:c6fe85e5873d9784ab82cf261d9fc07ed67a4459ba69fbe1187ef8b8e3d9e30e"},
    {file = "grpcio-1.46.3-cp310-cp310-musllinux_1_1_i686.whl", hash = "sha256:df980c4901a92ca649e18036ff67c7c8cad239b2759c2472694f7ab0f0b4ffb9"},
    {file = "grpcio-1.46.3-cp310-cp310-musllinux_1_1_x86_64.whl", hash = "sha256:7b59982e405159385d5796aa1e0817ec83affb3eb4c2a5b7ca39413d17d7e332"},
    {file = "grpcio-1.46.3-cp310-cp310-win32.whl", hash = "sha256:6d51fa98bd40d4593f819a3fec8a078a192958d24f84c3daf15b5ad7705d4c48"},
    {file = "grpcio-1.46.3-cp310-cp310-win_amd64.whl", hash = "sha256:e9bba429eb743471715e6dadf006a70a77cb6afb065aa4a6eaa9efd76b09e336"},
    {file = "grpcio-1.46.3-cp36-cp36m-linux_armv7l.whl", hash = "sha256:a898b0f13bda2dfe786952cc1ea705762fa6c3ae799b4bb0525d7821605ae968"},
    {file = "grpcio-1.46.3-cp36-cp36m-macosx_10_10_x86_64.whl", hash = "sha256:9014aee70e29911008d2f388011cabf2c7fe4fe29918ce5f71513a660494069a"},
    {file = "grpcio-1.46.3-cp36-cp36m-manylinux_2_12_i686.manylinux2010_i686.whl", hash = "sha256:9c97106134de70f8323b12738ac0adf0615688b69253002910d0c5d42d202a77"},
    {file = "grpcio-1.46.3-cp36-cp36m-manylinux_2_12_x86_64.manylinux2010_x86_64.whl", hash = "sha256:d41ea8efb87b1ae4e576b13d94f2b470297a1495ae6b2c9d1047952731bf168f"},
    {file = "grpcio-1.46.3-cp36-cp36m-manylinux_2_17_aarch64.whl", hash = "sha256:ab18e85082003d7883a4d069065436e61cb27c2c2150e7965ce93658f17bc8da"},
    {file = "grpcio-1.46.3-cp36-cp36m-manylinux_2_17_i686.manylinux2014_i686.whl", hash = "sha256:307ff1d6237d5c383196660a12db021c20280227f9f4423d88d6b2ab20c8b1d0"},
    {file = "grpcio-1.46.3-cp36-cp36m-manylinux_2_17_x86_64.manylinux2014_x86_64.whl", hash = "sha256:8c9106ef35239767b3aa9dc1a79856ad499655f853fca9f92f9dd3182d646627"},
    {file = "grpcio-1.46.3-cp36-cp36m-musllinux_1_1_i686.whl", hash = "sha256:e0ae8e8523308bf7ab0b7d6aa686011de59b19fb06abb253f302d0b5da2a5905"},
    {file = "grpcio-1.46.3-cp36-cp36m-musllinux_1_1_x86_64.whl", hash = "sha256:4fd0aa30a938893060defd5f222604461db55f9a81a028b154479b91deac7074"},
    {file = "grpcio-1.46.3-cp36-cp36m-win32.whl", hash = "sha256:f7637b55662e56a64c07846bc0d2da6232a6e893b22c39790f2e41d03ac1a826"},
    {file = "grpcio-1.46.3-cp36-cp36m-win_amd64.whl", hash = "sha256:97801afa96a819f911d030b490dbea95b246de02433bac69c5acf150081686e4"},
    {file = "grpcio-1.46.3-cp37-cp37m-linux_armv7l.whl", hash = "sha256:3585a6fa3d97fc8f030bbf0e88185b5eb345a340f6732e165d5c22df54de5bc6"},
    {file = "grpcio-1.46.3-cp37-cp37m-macosx_10_10_x86_64.whl", hash = "sha256:dc6d15cbcceaebaacf2994280ed1c01d42b5772059b30afd8a76152e9d23daa4"},
    {file = "grpcio-1.46.3-cp37-cp37m-manylinux_2_12_i686.manylinux2010_i686.whl", hash = "sha256:e0486485d59d5865149010966ef3df99c5df97ab8b01f10e26f8759d6e10fafc"},
    {file = "grpcio-1.46.3-cp37-cp37m-manylinux_2_12_x86_64.manylinux2010_x86_64.whl", hash = "sha256:5210ec7a1638daa61da16487fbfafb3dbb7b8cd44382d9262316bbb58a5b1cf7"},
    {file = "grpcio-1.46.3-cp37-cp37m-manylinux_2_17_aarch64.whl", hash = "sha256:e278fa30d2b5652f7e43970c86ad34c639146443553678b746909aae204924dc"},
    {file = "grpcio-1.46.3-cp37-cp37m-manylinux_2_17_i686.manylinux2014_i686.whl", hash = "sha256:7d4148f1f76516b01cccf2273b45bc706847f1560ccb55aa6e29df851e9ca8cc"},
    {file = "grpcio-1.46.3-cp37-cp37m-manylinux_2_17_x86_64.manylinux2014_x86_64.whl", hash = "sha256:01f3f7a6cdb111cf276ffff9c892fa32624e03999bac809d3f3d8321d98b6855"},
    {file = "grpcio-1.46.3-cp37-cp37m-musllinux_1_1_i686.whl", hash = "sha256:91aaccbe1c035ad2bcd1b8a25cebd11839070eb70fb6573e9d0197ddbca5d96b"},
    {file = "grpcio-1.46.3-cp37-cp37m-musllinux_1_1_x86_64.whl", hash = "sha256:26136c19d96e2138f04412101f3730d66f5f1515dc912ac0d415587c8208d826"},
    {file = "grpcio-1.46.3-cp37-cp37m-win32.whl", hash = "sha256:a8f40dafcdc3e0e378387953528eaf4e35758161f3b10d96199f12b11afbe2c2"},
    {file = "grpcio-1.46.3-cp37-cp37m-win_amd64.whl", hash = "sha256:a6bb52df85a4bd6d3bad16b4e7cc43efe95469b74a856c87a2c5bef496c9147f"},
    {file = "grpcio-1.46.3-cp38-cp38-linux_armv7l.whl", hash = "sha256:2334ceeab4084e80433693451452cba26afc1607a7974133af3b3635fc8aa935"},
    {file = "grpcio-1.46.3-cp38-cp38-macosx_10_10_x86_64.whl", hash = "sha256:2c96a6103caec84985bb2cffac2b261f8cac2641e7a70d4b43b7d08754a6cfe7"},
    {file = "grpcio-1.46.3-cp38-cp38-manylinux_2_12_i686.manylinux2010_i686.whl", hash = "sha256:7a39d39da8855b03be2d7348387986bab6a322031fcc8b04fa5e72355e7b13a1"},
    {file = "grpcio-1.46.3-cp38-cp38-manylinux_2_12_x86_64.manylinux2010_x86_64.whl", hash = "sha256:4caf87a06de88e3611a4610c57ef55b78801843d1f5a9e5fd6b75e887dad3340"},
    {file = "grpcio-1.46.3-cp38-cp38-manylinux_2_17_aarch64.whl", hash = "sha256:ffbbb228e6fc6f85b34aac428eb76b4fc6591d771e487ce46eb16b4b7e18b91d"},
    {file = "grpcio-1.46.3-cp38-cp38-manylinux_2_17_i686.manylinux2014_i686.whl", hash = "sha256:0c89ae010c57333dd3c692e0892199a59df1ddfd467cdfea31f98331d0e8cf87"},
    {file = "grpcio-1.46.3-cp38-cp38-manylinux_2_17_x86_64.manylinux2014_x86_64.whl", hash = "sha256:34b206cdf78dd1c14d93e10e7308750c36b4e6754d579895cba74341875e2fb5"},
    {file = "grpcio-1.46.3-cp38-cp38-musllinux_1_1_i686.whl", hash = "sha256:a19b3ecdb8ddf60e4b034def27636065e49ac1ee3c85854a16353cf52c2afd83"},
    {file = "grpcio-1.46.3-cp38-cp38-musllinux_1_1_x86_64.whl", hash = "sha256:aac6e66acae82be5c99a0a40ab8f5733d7df76a04f242cf42ecc34cfb1e947bd"},
    {file = "grpcio-1.46.3-cp38-cp38-win32.whl", hash = "sha256:aff6d961d6bc5e34e12e148383671f8da5d17e47ed606ec15f483def3053b206"},
    {file = "grpcio-1.46.3-cp38-cp38-win_amd64.whl", hash = "sha256:71d46c2f3c0512bac3d658af3193e3d645c96123af56bd07a8416474c69df2cf"},
    {file = "grpcio-1.46.3-cp39-cp39-linux_armv7l.whl", hash = "sha256:5969f63f3cf92538f83f26949d393d9fc59de670f47cf7c2a0e1e0d30b770294"},
    {file = "grpcio-1.46.3-cp39-cp39-macosx_10_10_x86_64.whl", hash = "sha256:5f8134d4a7e76c8c6644bd3ce728b9894933575155d02c09922986d5d8d6e48c"},
    {file = "grpcio-1.46.3-cp39-cp39-manylinux_2_12_i686.manylinux2010_i686.whl", hash = "sha256:53fff69fd4d315adddda226e7b71804d1f12adf3a4162126dc520725624a483a"},
    {file = "grpcio-1.46.3-cp39-cp39-manylinux_2_12_x86_64.manylinux2010_x86_64.whl", hash = "sha256:3af2cc4e41f87d3b57f624b1b14321c1d0f030b191da60f9eeeda5448d83240c"},
    {file = "grpcio-1.46.3-cp39-cp39-manylinux_2_17_aarch64.whl", hash = "sha256:5fb7779ae01c20c4fad5831e98003b3f036acfe6b77697d6a9baa0f9a7f14daf"},
    {file = "grpcio-1.46.3-cp39-cp39-manylinux_2_17_i686.manylinux2014_i686.whl", hash = "sha256:56636ebf8db63ba50d272dfd73c92538950525120311676246f8f6a81b0aa144"},
    {file = "grpcio-1.46.3-cp39-cp39-manylinux_2_17_x86_64.manylinux2014_x86_64.whl", hash = "sha256:0a5012ba00cf8b7ce9e6ac2312ace0b0e16fe9502c18340c8c3ecb734a759831"},
    {file = "grpcio-1.46.3-cp39-cp39-musllinux_1_1_i686.whl", hash = "sha256:be1679d814a292a701f45df324e25b060435dd13159e9b08a16e2a2396c4391c"},
    {file = "grpcio-1.46.3-cp39-cp39-musllinux_1_1_x86_64.whl", hash = "sha256:4faaba7db078a0001a8c1a4370d56dc454c03b4613b6acec01f14b90c8dd03cf"},
    {file = "grpcio-1.46.3-cp39-cp39-win32.whl", hash = "sha256:f5c6393fa645183ae858ebfbf72ab94e7ebafb5cd849dcf4ae8c53a83cce4e24"},
    {file = "grpcio-1.46.3-cp39-cp39-win_amd64.whl", hash = "sha256:158b90d4f1354f40e435f4c866057acc29a4364b214c31049c8b8c903646fbab"},
    {file = "grpcio-1.46.3.tar.gz", hash = "sha256:4b8fd8b1cd553635274b83cd984f0755e6779886eca53c1c71d48215962eb689"},
]
grpcio-tools = [
    {file = "grpcio-tools-1.46.3.tar.gz", hash = "sha256:31fee436ace5b3bd950cc3a8e68d6b84de1d6dc755959db7badc3470cdf22f70"},
    {file = "grpcio_tools-1.46.3-cp310-cp310-linux_armv7l.whl", hash = "sha256:5d30bfb595e2ef767082432b17ca9238a3a59c2fd3211e19f29700448d1c9162"},
    {file = "grpcio_tools-1.46.3-cp310-cp310-macosx_10_10_universal2.whl", hash = "sha256:c51266f343c3207fc24bf954619992bc5173c93b052de9d90ecdf1d3f42cf13a"},
    {file = "grpcio_tools-1.46.3-cp310-cp310-manylinux_2_17_aarch64.whl", hash = "sha256:168520ee3a12002806b7436276bdeb042e4003cc8efba2c82db82a4447d6b3df"},
    {file = "grpcio_tools-1.46.3-cp310-cp310-manylinux_2_17_i686.manylinux2014_i686.whl", hash = "sha256:c0f9748b8d585c01151ca8178593152f4679db9b8846f11d0e54aba64b7b72fc"},
    {file = "grpcio_tools-1.46.3-cp310-cp310-manylinux_2_17_x86_64.manylinux2014_x86_64.whl", hash = "sha256:140288c4d9d1005fcb9e88ac5c1a37973c844bdc180fc34a263efa7aceb2c8fe"},
    {file = "grpcio_tools-1.46.3-cp310-cp310-musllinux_1_1_i686.whl", hash = "sha256:b10828c9f62cfffb9aad65c5960cac5b65b5c879b29ef7650b6f253cd1d19b37"},
    {file = "grpcio_tools-1.46.3-cp310-cp310-musllinux_1_1_x86_64.whl", hash = "sha256:0bb48a86591d63b34b12cea2468efc96886aa06ed404707a6fe24cd18032ad45"},
    {file = "grpcio_tools-1.46.3-cp310-cp310-win32.whl", hash = "sha256:bc630ccaf97eb68ca814305f408a8172c6b0bb5ffdaee2baf16be4da0b704161"},
    {file = "grpcio_tools-1.46.3-cp310-cp310-win_amd64.whl", hash = "sha256:7cc27ec93aa105dcb86acc9eb4cb67fa85420f1bef2fccaf69955f3ee82028db"},
    {file = "grpcio_tools-1.46.3-cp36-cp36m-linux_armv7l.whl", hash = "sha256:83fa1aaf052dad33000b73a865ad38e7b19ba4ecedb374cd0594824d27aab3ba"},
    {file = "grpcio_tools-1.46.3-cp36-cp36m-macosx_10_10_x86_64.whl", hash = "sha256:fa404d7c9cd621836220f3b9cb593eb2c475182d5c768b449407506b61f91159"},
    {file = "grpcio_tools-1.46.3-cp36-cp36m-manylinux_2_12_i686.manylinux2010_i686.whl", hash = "sha256:36622a56654d2e38b9c323f06786427143e2a44356d30eca5f0e663a58f1d5b4"},
    {file = "grpcio_tools-1.46.3-cp36-cp36m-manylinux_2_12_x86_64.manylinux2010_x86_64.whl", hash = "sha256:68442c23892478bd6ab324f716e0a6b611fefd98c67f18cfb4ef6c63bce3ab47"},
    {file = "grpcio_tools-1.46.3-cp36-cp36m-manylinux_2_17_aarch64.whl", hash = "sha256:1763fc1da10d8b505f706d8147499f199cfa55868f7372a0b7fb198378e0f9d1"},
    {file = "grpcio_tools-1.46.3-cp36-cp36m-manylinux_2_17_i686.manylinux2014_i686.whl", hash = "sha256:8c3a5c279b1ffbb5c90fd71d8ce94b1aa6d43b1264d086fa553acc825149bef9"},
    {file = "grpcio_tools-1.46.3-cp36-cp36m-manylinux_2_17_x86_64.manylinux2014_x86_64.whl", hash = "sha256:e8b37f6ef9b15349c5a575a0e0add11892bbbb107e0f21d5da45adba336daf05"},
    {file = "grpcio_tools-1.46.3-cp36-cp36m-musllinux_1_1_i686.whl", hash = "sha256:920c57d342c8f9d877679c046407cab1c98a769c196fde35c0c5a14471ebc931"},
    {file = "grpcio_tools-1.46.3-cp36-cp36m-musllinux_1_1_x86_64.whl", hash = "sha256:227e2bbc28519a384a064802e239a0231859a108220ebffe10fd9f9a63a1af16"},
    {file = "grpcio_tools-1.46.3-cp36-cp36m-win32.whl", hash = "sha256:e247d3b06b441f5516e9ffbfdb83ac15648965170e184d9b5950af61e5976648"},
    {file = "grpcio_tools-1.46.3-cp36-cp36m-win_amd64.whl", hash = "sha256:bf1a4b9f7ba0d39b36ba4759d00a0bb51603a63cea532c5df07ca04db41ddaf9"},
    {file = "grpcio_tools-1.46.3-cp37-cp37m-linux_armv7l.whl", hash = "sha256:a1c2f0f1e13c185c381ddbe366f186a5cf6848014990ca3b8a3411dc06db9a70"},
    {file = "grpcio_tools-1.46.3-cp37-cp37m-macosx_10_10_x86_64.whl", hash = "sha256:096f0901089055f467df7133403a1a1ac782b2a078552ffa51215f5d7a064643"},
    {file = "grpcio_tools-1.46.3-cp37-cp37m-manylinux_2_12_i686.manylinux2010_i686.whl", hash = "sha256:14b86251ed61133f860b5182801f7d8ac5371ea7a32a60aeca96b3f6d7be56c9"},
    {file = "grpcio_tools-1.46.3-cp37-cp37m-manylinux_2_12_x86_64.manylinux2010_x86_64.whl", hash = "sha256:0c455e883e2bf0ee7cc3d0778f3b15dd7616e9a68db6fc4d36ad23d6be643035"},
    {file = "grpcio_tools-1.46.3-cp37-cp37m-manylinux_2_17_aarch64.whl", hash = "sha256:1ab7aead75c794a73cfb3777fca7cd8e234fb15256cff1de506f41de453693a9"},
    {file = "grpcio_tools-1.46.3-cp37-cp37m-manylinux_2_17_i686.manylinux2014_i686.whl", hash = "sha256:cd4084dd54bdeff97cdf648603fd4c63a496ebdf35455f6fc3ea3016231b1e41"},
    {file = "grpcio_tools-1.46.3-cp37-cp37m-manylinux_2_17_x86_64.manylinux2014_x86_64.whl", hash = "sha256:9f781cc5f1bc3d70d62f2a2846ca1de588ed75513a39674dea78cb7a4c52a5e9"},
    {file = "grpcio_tools-1.46.3-cp37-cp37m-musllinux_1_1_i686.whl", hash = "sha256:2ab51956b500ebe5718024f083513e62f777f1812e280959e85529730f863e3c"},
    {file = "grpcio_tools-1.46.3-cp37-cp37m-musllinux_1_1_x86_64.whl", hash = "sha256:15c26699c2c7188010e0dc579ef1a4fba02cfef12bfe56028f73b58feee61d30"},
    {file = "grpcio_tools-1.46.3-cp37-cp37m-win32.whl", hash = "sha256:3840304ca4ca9586978c790a5433bf14a2d1cb234274dd095cd3673d08f26f07"},
    {file = "grpcio_tools-1.46.3-cp37-cp37m-win_amd64.whl", hash = "sha256:d8a73c64cd788a7ba597fa8878b4faad928d3c40981449a40e35000c2639d702"},
    {file = "grpcio_tools-1.46.3-cp38-cp38-linux_armv7l.whl", hash = "sha256:7a2c6e847808141ba88e5f45bda76e3d9e5e9866379496d2289e3892fafdd201"},
    {file = "grpcio_tools-1.46.3-cp38-cp38-macosx_10_10_x86_64.whl", hash = "sha256:3721e8c5490f7c015b5961133bb5b605a3d65eb8aa873506d3291f1216e28b03"},
    {file = "grpcio_tools-1.46.3-cp38-cp38-manylinux_2_12_i686.manylinux2010_i686.whl", hash = "sha256:07c9aa1a2549569dfa2a25f495543570f4753e96b99fbd46eaf7e2f3d1948cc7"},
    {file = "grpcio_tools-1.46.3-cp38-cp38-manylinux_2_12_x86_64.manylinux2010_x86_64.whl", hash = "sha256:3c6a510c29e466c489db8a3f24cad4386f5b0ca7223af93d821bc7ddfe73b172"},
    {file = "grpcio_tools-1.46.3-cp38-cp38-manylinux_2_17_aarch64.whl", hash = "sha256:21a714df8b894d4d0554414393db6616e20a25d44c7356c545c23c922dcd4e17"},
    {file = "grpcio_tools-1.46.3-cp38-cp38-manylinux_2_17_i686.manylinux2014_i686.whl", hash = "sha256:0395647f41561a00e5dea633b8171d0597899eb8649dc5bf6a6a0597f9848769"},
    {file = "grpcio_tools-1.46.3-cp38-cp38-manylinux_2_17_x86_64.manylinux2014_x86_64.whl", hash = "sha256:600ed9e6600ef4815746052833188471c07be38d14f000617791ed1ec1664d53"},
    {file = "grpcio_tools-1.46.3-cp38-cp38-musllinux_1_1_i686.whl", hash = "sha256:af9ed199b9b02a3cc66695b1d89b512084444fedc1e9240258cadcc36e1a9071"},
    {file = "grpcio_tools-1.46.3-cp38-cp38-musllinux_1_1_x86_64.whl", hash = "sha256:21bbbcee52c3a1d694d4f29bafc197a16274294ee6bb33f913398f9f1bc23f2e"},
    {file = "grpcio_tools-1.46.3-cp38-cp38-win32.whl", hash = "sha256:7b29f82b0f5cf1410f8d4135c20653264a91d156a15394a7b3df5cc4ef4572eb"},
    {file = "grpcio_tools-1.46.3-cp38-cp38-win_amd64.whl", hash = "sha256:5a2a1037c0e5b9d3d417640ad233f9aae8a934f01bf54d79dea23ad53282f004"},
    {file = "grpcio_tools-1.46.3-cp39-cp39-linux_armv7l.whl", hash = "sha256:d4dacd7bba601d00a5f9767b3ea58077ce91c2467bff977998b818f699f9a5ff"},
    {file = "grpcio_tools-1.46.3-cp39-cp39-macosx_10_10_x86_64.whl", hash = "sha256:8e472a2ac4e98a827fcfad719d828dda203d21e63a70f7fbeff0b472d9fb15d5"},
    {file = "grpcio_tools-1.46.3-cp39-cp39-manylinux_2_12_i686.manylinux2010_i686.whl", hash = "sha256:5466fa708d9ef9980a67e72f839d24c545b0d57d976b4a1cbec150d7d90891c4"},
    {file = "grpcio_tools-1.46.3-cp39-cp39-manylinux_2_12_x86_64.manylinux2010_x86_64.whl", hash = "sha256:cd3b9bec82650a47eb8c5d5c25479fcc8cd658deaa444fb8fa61118794b6a8c9"},
    {file = "grpcio_tools-1.46.3-cp39-cp39-manylinux_2_17_aarch64.whl", hash = "sha256:1bea61acaab74f0ba8a578e7245085fff5021e44756a68dbe83407338776422a"},
    {file = "grpcio_tools-1.46.3-cp39-cp39-manylinux_2_17_i686.manylinux2014_i686.whl", hash = "sha256:790ba7e1de54480c11b70115dfed76dcf79db929b0f808314014a58a8163d07d"},
    {file = "grpcio_tools-1.46.3-cp39-cp39-manylinux_2_17_x86_64.manylinux2014_x86_64.whl", hash = "sha256:2270c63905fccabc50582e2a6e22700f15f87274e651a0b491771a75c9e68cdf"},
    {file = "grpcio_tools-1.46.3-cp39-cp39-musllinux_1_1_i686.whl", hash = "sha256:eddc8509d1d22b46d57cd35284cfe4bee8af2c31693a40a4244b9b2f3795aa36"},
    {file = "grpcio_tools-1.46.3-cp39-cp39-musllinux_1_1_x86_64.whl", hash = "sha256:a78ae1e9e478bd433999522cde57f3d6e47bfa498de98e35f827b5ea83f87c45"},
    {file = "grpcio_tools-1.46.3-cp39-cp39-win32.whl", hash = "sha256:8918bf43be899b5967aeeb955bb1a557c6f753db22456505091482511021b87f"},
    {file = "grpcio_tools-1.46.3-cp39-cp39-win_amd64.whl", hash = "sha256:6533916914dc80837d4caa1cf1aec884cc0390ce0543c4091fd817b2e87a87c5"},
]
idna = [
    {file = "idna-3.3-py3-none-any.whl", hash = "sha256:84d9dd047ffa80596e0f246e2eab0b391788b0503584e8945f2368256d2735ff"},
    {file = "idna-3.3.tar.gz", hash = "sha256:9d643ff0a55b762d5cdb124b8eaa99c66322e2157b69160bc32796e824360e6d"},
]
iniconfig = [
    {file = "iniconfig-1.1.1-py2.py3-none-any.whl", hash = "sha256:011e24c64b7f47f6ebd835bb12a743f2fbe9a26d4cecaa7f53bc4f35ee9da8b3"},
    {file = "iniconfig-1.1.1.tar.gz", hash = "sha256:bc3af051d7d14b2ee5ef9969666def0cd1a000e121eaea580d4a313df4b37f32"},
]
jsonschema = [
    {file = "jsonschema-4.6.0-py3-none-any.whl", hash = "sha256:1c92d2db1900b668201f1797887d66453ab1fbfea51df8e4b46236689c427baf"},
    {file = "jsonschema-4.6.0.tar.gz", hash = "sha256:9d6397ba4a6c0bf0300736057f649e3e12ecbc07d3e81a0dacb72de4e9801957"},
]
loguru = [
    {file = "loguru-0.6.0-py3-none-any.whl", hash = "sha256:4e2414d534a2ab57573365b3e6d0234dfb1d84b68b7f3b948e6fb743860a77c3"},
    {file = "loguru-0.6.0.tar.gz", hash = "sha256:066bd06758d0a513e9836fd9c6b5a75bfb3fd36841f4b996bc60b547a309d41c"},
]
loguru-notification = [
    {file = "loguru-notification-0.0.7.tar.gz", hash = "sha256:f76549fdecb1786d858d57b38ecda3344aff9bf311db836bc74d11401dcc348a"},
    {file = "loguru_notification-0.0.7-py3-none-any.whl", hash = "sha256:e2c18494964b4b09d3a29fca9ef036846dc0a86751e7c37dad1225b288bdb269"},
]
notifiers = [
    {file = "notifiers-1.3.3-py3-none-any.whl", hash = "sha256:152e605c0be595069b187a89ab1bdc1559f51a3ec5ee5803915c7e2ec9464e94"},
    {file = "notifiers-1.3.3.tar.gz", hash = "sha256:9fd8d95ab1ebcd3852423755aa90cbb0f72a805ca77af0d8c9ad7af445f58399"},
]
packaging = [
    {file = "packaging-21.3-py3-none-any.whl", hash = "sha256:ef103e05f519cdc783ae24ea4e2e0f508a9c99b2d4969652eed6a2e1ea5bd522"},
    {file = "packaging-21.3.tar.gz", hash = "sha256:dd47c42927d89ab911e606518907cc2d3a1f38bbd026385970643f9c5b8ecfeb"},
]
pluggy = [
    {file = "pluggy-1.0.0-py2.py3-none-any.whl", hash = "sha256:74134bbf457f031a36d68416e1509f34bd5ccc019f0bcc952c7b909d06b37bd3"},
    {file = "pluggy-1.0.0.tar.gz", hash = "sha256:4224373bacce55f955a878bf9cfa763c1e360858e330072059e10bad68531159"},
]
protobuf = [
    {file = "protobuf-3.20.1-cp310-cp310-macosx_10_9_universal2.whl", hash = "sha256:3cc797c9d15d7689ed507b165cd05913acb992d78b379f6014e013f9ecb20996"},
    {file = "protobuf-3.20.1-cp310-cp310-manylinux2014_aarch64.whl", hash = "sha256:ff8d8fa42675249bb456f5db06c00de6c2f4c27a065955917b28c4f15978b9c3"},
    {file = "protobuf-3.20.1-cp310-cp310-manylinux_2_12_x86_64.manylinux2010_x86_64.whl", hash = "sha256:cd68be2559e2a3b84f517fb029ee611546f7812b1fdd0aa2ecc9bc6ec0e4fdde"},
    {file = "protobuf-3.20.1-cp310-cp310-win32.whl", hash = "sha256:9016d01c91e8e625141d24ec1b20fed584703e527d28512aa8c8707f105a683c"},
    {file = "protobuf-3.20.1-cp310-cp310-win_amd64.whl", hash = "sha256:32ca378605b41fd180dfe4e14d3226386d8d1b002ab31c969c366549e66a2bb7"},
    {file = "protobuf-3.20.1-cp36-cp36m-macosx_10_9_x86_64.whl", hash = "sha256:9be73ad47579abc26c12024239d3540e6b765182a91dbc88e23658ab71767153"},
    {file = "protobuf-3.20.1-cp36-cp36m-manylinux_2_5_x86_64.manylinux1_x86_64.whl", hash = "sha256:097c5d8a9808302fb0da7e20edf0b8d4703274d140fd25c5edabddcde43e081f"},
    {file = "protobuf-3.20.1-cp37-cp37m-macosx_10_9_x86_64.whl", hash = "sha256:e250a42f15bf9d5b09fe1b293bdba2801cd520a9f5ea2d7fb7536d4441811d20"},
    {file = "protobuf-3.20.1-cp37-cp37m-manylinux2014_aarch64.whl", hash = "sha256:cdee09140e1cd184ba9324ec1df410e7147242b94b5f8b0c64fc89e38a8ba531"},
    {file = "protobuf-3.20.1-cp37-cp37m-manylinux_2_5_x86_64.manylinux1_x86_64.whl", hash = "sha256:af0ebadc74e281a517141daad9d0f2c5d93ab78e9d455113719a45a49da9db4e"},
    {file = "protobuf-3.20.1-cp37-cp37m-win32.whl", hash = "sha256:755f3aee41354ae395e104d62119cb223339a8f3276a0cd009ffabfcdd46bb0c"},
    {file = "protobuf-3.20.1-cp37-cp37m-win_amd64.whl", hash = "sha256:62f1b5c4cd6c5402b4e2d63804ba49a327e0c386c99b1675c8a0fefda23b2067"},
    {file = "protobuf-3.20.1-cp38-cp38-macosx_10_9_x86_64.whl", hash = "sha256:06059eb6953ff01e56a25cd02cca1a9649a75a7e65397b5b9b4e929ed71d10cf"},
    {file = "protobuf-3.20.1-cp38-cp38-manylinux2014_aarch64.whl", hash = "sha256:cb29edb9eab15742d791e1025dd7b6a8f6fcb53802ad2f6e3adcb102051063ab"},
    {file = "protobuf-3.20.1-cp38-cp38-manylinux_2_5_x86_64.manylinux1_x86_64.whl", hash = "sha256:69ccfdf3657ba59569c64295b7d51325f91af586f8d5793b734260dfe2e94e2c"},
    {file = "protobuf-3.20.1-cp38-cp38-win32.whl", hash = "sha256:dd5789b2948ca702c17027c84c2accb552fc30f4622a98ab5c51fcfe8c50d3e7"},
    {file = "protobuf-3.20.1-cp38-cp38-win_amd64.whl", hash = "sha256:77053d28427a29987ca9caf7b72ccafee011257561259faba8dd308fda9a8739"},
    {file = "protobuf-3.20.1-cp39-cp39-macosx_10_9_x86_64.whl", hash = "sha256:6f50601512a3d23625d8a85b1638d914a0970f17920ff39cec63aaef80a93fb7"},
    {file = "protobuf-3.20.1-cp39-cp39-manylinux2014_aarch64.whl", hash = "sha256:284f86a6207c897542d7e956eb243a36bb8f9564c1742b253462386e96c6b78f"},
    {file = "protobuf-3.20.1-cp39-cp39-manylinux_2_5_x86_64.manylinux1_x86_64.whl", hash = "sha256:7403941f6d0992d40161aa8bb23e12575637008a5a02283a930addc0508982f9"},
    {file = "protobuf-3.20.1-cp39-cp39-win32.whl", hash = "sha256:db977c4ca738dd9ce508557d4fce0f5aebd105e158c725beec86feb1f6bc20d8"},
    {file = "protobuf-3.20.1-cp39-cp39-win_amd64.whl", hash = "sha256:7e371f10abe57cee5021797126c93479f59fccc9693dafd6bd5633ab67808a91"},
    {file = "protobuf-3.20.1-py2.py3-none-any.whl", hash = "sha256:adfc6cf69c7f8c50fd24c793964eef18f0ac321315439d94945820612849c388"},
    {file = "protobuf-3.20.1.tar.gz", hash = "sha256:adc31566d027f45efe3f44eeb5b1f329da43891634d61c75a5944e9be6dd42c9"},
]
py = [
    {file = "py-1.11.0-py2.py3-none-any.whl", hash = "sha256:607c53218732647dff4acdfcd50cb62615cedf612e72d1724fb1a0cc6405b378"},
    {file = "py-1.11.0.tar.gz", hash = "sha256:51c75c4126074b472f746a24399ad32f6053d1b34b68d2fa41e558e6f4a98719"},
]
pydantic = [
    {file = "pydantic-1.9.1-cp310-cp310-macosx_10_9_x86_64.whl", hash = "sha256:c8098a724c2784bf03e8070993f6d46aa2eeca031f8d8a048dff277703e6e193"},
    {file = "pydantic-1.9.1-cp310-cp310-macosx_11_0_arm64.whl", hash = "sha256:c320c64dd876e45254bdd350f0179da737463eea41c43bacbee9d8c9d1021f11"},
    {file = "pydantic-1.9.1-cp310-cp310-manylinux_2_17_x86_64.manylinux2014_x86_64.whl", hash = "sha256:18f3e912f9ad1bdec27fb06b8198a2ccc32f201e24174cec1b3424dda605a310"},
    {file = "pydantic-1.9.1-cp310-cp310-manylinux_2_5_i686.manylinux1_i686.manylinux_2_17_i686.manylinux2014_i686.whl", hash = "sha256:c11951b404e08b01b151222a1cb1a9f0a860a8153ce8334149ab9199cd198131"},
    {file = "pydantic-1.9.1-cp310-cp310-musllinux_1_1_i686.whl", hash = "sha256:8bc541a405423ce0e51c19f637050acdbdf8feca34150e0d17f675e72d119580"},
    {file = "pydantic-1.9.1-cp310-cp310-musllinux_1_1_x86_64.whl", hash = "sha256:e565a785233c2d03724c4dc55464559639b1ba9ecf091288dd47ad9c629433bd"},
    {file = "pydantic-1.9.1-cp310-cp310-win_amd64.whl", hash = "sha256:a4a88dcd6ff8fd47c18b3a3709a89adb39a6373f4482e04c1b765045c7e282fd"},
    {file = "pydantic-1.9.1-cp36-cp36m-macosx_10_9_x86_64.whl", hash = "sha256:447d5521575f18e18240906beadc58551e97ec98142266e521c34968c76c8761"},
    {file = "pydantic-1.9.1-cp36-cp36m-manylinux_2_17_x86_64.manylinux2014_x86_64.whl", hash = "sha256:985ceb5d0a86fcaa61e45781e567a59baa0da292d5ed2e490d612d0de5796918"},
    {file = "pydantic-1.9.1-cp36-cp36m-manylinux_2_5_i686.manylinux1_i686.manylinux_2_17_i686.manylinux2014_i686.whl", hash = "sha256:059b6c1795170809103a1538255883e1983e5b831faea6558ef873d4955b4a74"},
    {file = "pydantic-1.9.1-cp36-cp36m-musllinux_1_1_i686.whl", hash = "sha256:d12f96b5b64bec3f43c8e82b4aab7599d0157f11c798c9f9c528a72b9e0b339a"},
    {file = "pydantic-1.9.1-cp36-cp36m-musllinux_1_1_x86_64.whl", hash = "sha256:ae72f8098acb368d877b210ebe02ba12585e77bd0db78ac04a1ee9b9f5dd2166"},
    {file = "pydantic-1.9.1-cp36-cp36m-win_amd64.whl", hash = "sha256:79b485767c13788ee314669008d01f9ef3bc05db9ea3298f6a50d3ef596a154b"},
    {file = "pydantic-1.9.1-cp37-cp37m-macosx_10_9_x86_64.whl", hash = "sha256:494f7c8537f0c02b740c229af4cb47c0d39840b829ecdcfc93d91dcbb0779892"},
    {file = "pydantic-1.9.1-cp37-cp37m-manylinux_2_17_x86_64.manylinux2014_x86_64.whl", hash = "sha256:f0f047e11febe5c3198ed346b507e1d010330d56ad615a7e0a89fae604065a0e"},
    {file = "pydantic-1.9.1-cp37-cp37m-manylinux_2_5_i686.manylinux1_i686.manylinux_2_17_i686.manylinux2014_i686.whl", hash = "sha256:969dd06110cb780da01336b281f53e2e7eb3a482831df441fb65dd30403f4608"},
    {file = "pydantic-1.9.1-cp37-cp37m-musllinux_1_1_i686.whl", hash = "sha256:177071dfc0df6248fd22b43036f936cfe2508077a72af0933d0c1fa269b18537"},
    {file = "pydantic-1.9.1-cp37-cp37m-musllinux_1_1_x86_64.whl", hash = "sha256:9bcf8b6e011be08fb729d110f3e22e654a50f8a826b0575c7196616780683380"},
    {file = "pydantic-1.9.1-cp37-cp37m-win_amd64.whl", hash = "sha256:a955260d47f03df08acf45689bd163ed9df82c0e0124beb4251b1290fa7ae728"},
    {file = "pydantic-1.9.1-cp38-cp38-macosx_10_9_x86_64.whl", hash = "sha256:9ce157d979f742a915b75f792dbd6aa63b8eccaf46a1005ba03aa8a986bde34a"},
    {file = "pydantic-1.9.1-cp38-cp38-macosx_11_0_arm64.whl", hash = "sha256:0bf07cab5b279859c253d26a9194a8906e6f4a210063b84b433cf90a569de0c1"},
    {file = "pydantic-1.9.1-cp38-cp38-manylinux_2_17_x86_64.manylinux2014_x86_64.whl", hash = "sha256:5d93d4e95eacd313d2c765ebe40d49ca9dd2ed90e5b37d0d421c597af830c195"},
    {file = "pydantic-1.9.1-cp38-cp38-manylinux_2_5_i686.manylinux1_i686.manylinux_2_17_i686.manylinux2014_i686.whl", hash = "sha256:1542636a39c4892c4f4fa6270696902acb186a9aaeac6f6cf92ce6ae2e88564b"},
    {file = "pydantic-1.9.1-cp38-cp38-musllinux_1_1_i686.whl", hash = "sha256:a9af62e9b5b9bc67b2a195ebc2c2662fdf498a822d62f902bf27cccb52dbbf49"},
    {file = "pydantic-1.9.1-cp38-cp38-musllinux_1_1_x86_64.whl", hash = "sha256:fe4670cb32ea98ffbf5a1262f14c3e102cccd92b1869df3bb09538158ba90fe6"},
    {file = "pydantic-1.9.1-cp38-cp38-win_amd64.whl", hash = "sha256:9f659a5ee95c8baa2436d392267988fd0f43eb774e5eb8739252e5a7e9cf07e0"},
    {file = "pydantic-1.9.1-cp39-cp39-macosx_10_9_x86_64.whl", hash = "sha256:b83ba3825bc91dfa989d4eed76865e71aea3a6ca1388b59fc801ee04c4d8d0d6"},
    {file = "pydantic-1.9.1-cp39-cp39-macosx_11_0_arm64.whl", hash = "sha256:1dd8fecbad028cd89d04a46688d2fcc14423e8a196d5b0a5c65105664901f810"},
    {file = "pydantic-1.9.1-cp39-cp39-manylinux_2_17_x86_64.manylinux2014_x86_64.whl", hash = "sha256:02eefd7087268b711a3ff4db528e9916ac9aa18616da7bca69c1871d0b7a091f"},
    {file = "pydantic-1.9.1-cp39-cp39-manylinux_2_5_i686.manylinux1_i686.manylinux_2_17_i686.manylinux2014_i686.whl", hash = "sha256:7eb57ba90929bac0b6cc2af2373893d80ac559adda6933e562dcfb375029acee"},
    {file = "pydantic-1.9.1-cp39-cp39-musllinux_1_1_i686.whl", hash = "sha256:4ce9ae9e91f46c344bec3b03d6ee9612802682c1551aaf627ad24045ce090761"},
    {file = "pydantic-1.9.1-cp39-cp39-musllinux_1_1_x86_64.whl", hash = "sha256:72ccb318bf0c9ab97fc04c10c37683d9eea952ed526707fabf9ac5ae59b701fd"},
    {file = "pydantic-1.9.1-cp39-cp39-win_amd64.whl", hash = "sha256:61b6760b08b7c395975d893e0b814a11cf011ebb24f7d869e7118f5a339a82e1"},
    {file = "pydantic-1.9.1-py3-none-any.whl", hash = "sha256:4988c0f13c42bfa9ddd2fe2f569c9d54646ce84adc5de84228cfe83396f3bd58"},
    {file = "pydantic-1.9.1.tar.gz", hash = "sha256:1ed987c3ff29fff7fd8c3ea3a3ea877ad310aae2ef9889a119e22d3f2db0691a"},
]
pyparsing = [
    {file = "pyparsing-3.0.9-py3-none-any.whl", hash = "sha256:5026bae9a10eeaefb61dab2f09052b9f4307d44aee4eda64b309723d8d206bbc"},
    {file = "pyparsing-3.0.9.tar.gz", hash = "sha256:2b020ecf7d21b687f219b71ecad3631f644a47f01403fa1d1036b0c6416d70fb"},
]
pyrsistent = [
    {file = "pyrsistent-0.18.1-cp310-cp310-macosx_10_9_universal2.whl", hash = "sha256:df46c854f490f81210870e509818b729db4488e1f30f2a1ce1698b2295a878d1"},
    {file = "pyrsistent-0.18.1-cp310-cp310-manylinux_2_17_x86_64.manylinux2014_x86_64.whl", hash = "sha256:5d45866ececf4a5fff8742c25722da6d4c9e180daa7b405dc0a2a2790d668c26"},
    {file = "pyrsistent-0.18.1-cp310-cp310-manylinux_2_5_i686.manylinux1_i686.manylinux_2_17_i686.manylinux2014_i686.whl", hash = "sha256:4ed6784ceac462a7d6fcb7e9b663e93b9a6fb373b7f43594f9ff68875788e01e"},
    {file = "pyrsistent-0.18.1-cp310-cp310-win32.whl", hash = "sha256:e4f3149fd5eb9b285d6bfb54d2e5173f6a116fe19172686797c056672689daf6"},
    {file = "pyrsistent-0.18.1-cp310-cp310-win_amd64.whl", hash = "sha256:636ce2dc235046ccd3d8c56a7ad54e99d5c1cd0ef07d9ae847306c91d11b5fec"},
    {file = "pyrsistent-0.18.1-cp37-cp37m-macosx_10_9_x86_64.whl", hash = "sha256:e92a52c166426efbe0d1ec1332ee9119b6d32fc1f0bbfd55d5c1088070e7fc1b"},
    {file = "pyrsistent-0.18.1-cp37-cp37m-manylinux_2_17_x86_64.manylinux2014_x86_64.whl", hash = "sha256:d7a096646eab884bf8bed965bad63ea327e0d0c38989fc83c5ea7b8a87037bfc"},
    {file = "pyrsistent-0.18.1-cp37-cp37m-manylinux_2_5_i686.manylinux1_i686.manylinux_2_17_i686.manylinux2014_i686.whl", hash = "sha256:cdfd2c361b8a8e5d9499b9082b501c452ade8bbf42aef97ea04854f4a3f43b22"},
    {file = "pyrsistent-0.18.1-cp37-cp37m-win32.whl", hash = "sha256:7ec335fc998faa4febe75cc5268a9eac0478b3f681602c1f27befaf2a1abe1d8"},
    {file = "pyrsistent-0.18.1-cp37-cp37m-win_amd64.whl", hash = "sha256:6455fc599df93d1f60e1c5c4fe471499f08d190d57eca040c0ea182301321286"},
    {file = "pyrsistent-0.18.1-cp38-cp38-macosx_10_9_universal2.whl", hash = "sha256:fd8da6d0124efa2f67d86fa70c851022f87c98e205f0594e1fae044e7119a5a6"},
    {file = "pyrsistent-0.18.1-cp38-cp38-manylinux_2_17_x86_64.manylinux2014_x86_64.whl", hash = "sha256:7bfe2388663fd18bd8ce7db2c91c7400bf3e1a9e8bd7d63bf7e77d39051b85ec"},
    {file = "pyrsistent-0.18.1-cp38-cp38-manylinux_2_5_i686.manylinux1_i686.manylinux_2_17_i686.manylinux2014_i686.whl", hash = "sha256:0e3e1fcc45199df76053026a51cc59ab2ea3fc7c094c6627e93b7b44cdae2c8c"},
    {file = "pyrsistent-0.18.1-cp38-cp38-win32.whl", hash = "sha256:b568f35ad53a7b07ed9b1b2bae09eb15cdd671a5ba5d2c66caee40dbf91c68ca"},
    {file = "pyrsistent-0.18.1-cp38-cp38-win_amd64.whl", hash = "sha256:d1b96547410f76078eaf66d282ddca2e4baae8964364abb4f4dcdde855cd123a"},
    {file = "pyrsistent-0.18.1-cp39-cp39-macosx_10_9_universal2.whl", hash = "sha256:f87cc2863ef33c709e237d4b5f4502a62a00fab450c9e020892e8e2ede5847f5"},
    {file = "pyrsistent-0.18.1-cp39-cp39-manylinux_2_17_x86_64.manylinux2014_x86_64.whl", hash = "sha256:6bc66318fb7ee012071b2792024564973ecc80e9522842eb4e17743604b5e045"},
    {file = "pyrsistent-0.18.1-cp39-cp39-manylinux_2_5_i686.manylinux1_i686.manylinux_2_17_i686.manylinux2014_i686.whl", hash = "sha256:914474c9f1d93080338ace89cb2acee74f4f666fb0424896fcfb8d86058bf17c"},
    {file = "pyrsistent-0.18.1-cp39-cp39-win32.whl", hash = "sha256:1b34eedd6812bf4d33814fca1b66005805d3640ce53140ab8bbb1e2651b0d9bc"},
    {file = "pyrsistent-0.18.1-cp39-cp39-win_amd64.whl", hash = "sha256:e24a828f57e0c337c8d8bb9f6b12f09dfdf0273da25fda9e314f0b684b415a07"},
    {file = "pyrsistent-0.18.1.tar.gz", hash = "sha256:d4d61f8b993a7255ba714df3aca52700f8125289f84f704cf80916517c46eb96"},
]
pytest = [
    {file = "pytest-7.1.2-py3-none-any.whl", hash = "sha256:13d0e3ccfc2b6e26be000cb6568c832ba67ba32e719443bfe725814d3c42433c"},
    {file = "pytest-7.1.2.tar.gz", hash = "sha256:a06a0425453864a270bc45e71f783330a7428defb4230fb5e6a731fde06ecd45"},
]
pytest-asyncio = [
    {file = "pytest-asyncio-0.18.3.tar.gz", hash = "sha256:7659bdb0a9eb9c6e3ef992eef11a2b3e69697800ad02fb06374a210d85b29f91"},
    {file = "pytest_asyncio-0.18.3-1-py3-none-any.whl", hash = "sha256:16cf40bdf2b4fb7fc8e4b82bd05ce3fbcd454cbf7b92afc445fe299dabb88213"},
    {file = "pytest_asyncio-0.18.3-py3-none-any.whl", hash = "sha256:8fafa6c52161addfd41ee7ab35f11836c5a16ec208f93ee388f752bea3493a84"},
]
requests = [
    {file = "requests-2.28.0-py3-none-any.whl", hash = "sha256:bc7861137fbce630f17b03d3ad02ad0bf978c844f3536d0edda6499dafce2b6f"},
    {file = "requests-2.28.0.tar.gz", hash = "sha256:d568723a7ebd25875d8d1eaf5dfa068cd2fc8194b2e483d7b1f7c81918dbec6b"},
]
six = [
    {file = "six-1.16.0-py2.py3-none-any.whl", hash = "sha256:8abb2f1d86890a2dfb989f9a77cfcfd3e47c2a354b01111771326f8aa26e0254"},
    {file = "six-1.16.0.tar.gz", hash = "sha256:1e61c37477a1626458e36f7b1d82aa5c9b094fa4802892072e49de9c60c4c926"},
]
tomli = [
    {file = "tomli-2.0.1-py3-none-any.whl", hash = "sha256:939de3e7a6161af0c887ef91b7d41a53e7c5a1ca976325f429cb46ea9bc30ecc"},
    {file = "tomli-2.0.1.tar.gz", hash = "sha256:de526c12914f0c550d15924c62d72abc48d6fe7364aa87328337a31007fe8a4f"},
]
typing-extensions = [
    {file = "typing_extensions-4.2.0-py3-none-any.whl", hash = "sha256:6657594ee297170d19f67d55c05852a874e7eb634f4f753dbd667855e07c1708"},
    {file = "typing_extensions-4.2.0.tar.gz", hash = "sha256:f1c24655a0da0d1b67f07e17a5e6b2a105894e6824b92096378bb3668ef02376"},
]
urllib3 = [
    {file = "urllib3-1.26.9-py2.py3-none-any.whl", hash = "sha256:44ece4d53fb1706f667c9bd1c648f5469a2ec925fcf3a776667042d645472c14"},
    {file = "urllib3-1.26.9.tar.gz", hash = "sha256:aabaf16477806a5e1dd19aa41f8c2b7950dd3c746362d7e3223dbe6de6ac448e"},
]
win32-setctime = [
    {file = "win32_setctime-1.1.0-py3-none-any.whl", hash = "sha256:231db239e959c2fe7eb1d7dc129f11172354f98361c4fa2d6d2d7e278baa8aad"},
    {file = "win32_setctime-1.1.0.tar.gz", hash = "sha256:15cf5750465118d6929ae4de4eb46e8edae9a5634350c01ba582df868e932cb2"},
]
